
Microsoft Visual Studio Solution File, Format Version 12.00
# Visual Studio Version 16
VisualStudioVersion = 16.0.32428.217
MinimumVisualStudioVersion = 10.0.40219.1
Project("{FAE04EC0-301F-11D3-BF4B-00C04F79EFBC}") = "PracticeSevenZip", "PracticeSevenZip.csproj", "{80861114-FC3F-4088-B45F-CBBD1250AF93}"
EndProject
Global
	GlobalSection(SolutionConfigurationPlatforms) = preSolution
		Debug|Any CPU = Debug|Any CPU
		Release|Any CPU = Release|Any CPU
	EndGlobalSection
	GlobalSection(ProjectConfigurationPlatforms) = postSolution
		{80861114-FC3F-4088-B45F-CBBD1250AF93}.Debug|Any CPU.ActiveCfg = Debug|Any CPU
		{80861114-FC3F-4088-B45F-CBBD1250AF93}.Debug|Any CPU.Build.0 = Debug|Any CPU
		{80861114-FC3F-4088-B45F-CBBD1250AF93}.Release|Any CPU.ActiveCfg = Release|Any CPU
		{80861114-FC3F-4088-B45F-CBBD1250AF93}.Release|Any CPU.Build.0 = Release|Any CPU
	EndGlobalSection
	GlobalSection(SolutionProperties) = preSolution
		HideSolutionNode = FALSE
	EndGlobalSection
	GlobalSection(ExtensibilityGlobals) = postSolution
		SolutionGuid = {CE327359-51CD-42A8-BD88-A72DAF57E15E}
	EndGlobalSection
EndGlobal
